
Microsoft Visual Studio Solution File, Format Version 12.00
# Visual Studio Version 16
VisualStudioVersion = 16.0.31112.23
MinimumVisualStudioVersion = 10.0.40219.1
Project("{2150E333-8FDC-42A3-9474-1A3956D46DE8}") = "BlogManagement", "BlogManagement", "{C8ACA3BD-4ACF-4E04-9C22-F1F16A9395B4}"
EndProject
Project("{2150E333-8FDC-42A3-9474-1A3956D46DE8}") = "ProductManagement", "ProductManagement", "{5D5A9823-80B5-48E8-975A-70D4FF40C211}"
EndProject
Project("{2150E333-8FDC-42A3-9474-1A3956D46DE8}") = "BM.Application", "BM.Application", "{45DA89B8-C899-46E6-8937-8B9C18766142}"
EndProject
Project("{2150E333-8FDC-42A3-9474-1A3956D46DE8}") = "BM.Infrastructure", "BM.Infrastructure", "{87D33F52-1EC9-4A31-903F-D3D740A9A9F3}"
EndProject
Project("{2150E333-8FDC-42A3-9474-1A3956D46DE8}") = "BM.Domain", "BM.Domain", "{2B753433-1451-4FE9-973A-FAAFB6B5D4DB}"
EndProject
Project("{2150E333-8FDC-42A3-9474-1A3956D46DE8}") = "BM.Presentaion", "BM.Presentaion", "{9ED16A78-AF12-4300-BC0D-1E733C1D753A}"
EndProject
Project("{9A19103F-16F7-4668-BE54-9A1E7A4F7556}") = "BlogManagement.Domain", "..\BlogManagement.Domain\BlogManagement.Domain.csproj", "{C3F633F8-1DC8-4A69-B054-44458F73ABED}"
EndProject
Project("{9A19103F-16F7-4668-BE54-9A1E7A4F7556}") = "_0_Framework", "..\_0_Framework\_0_Framework.csproj", "{6E4A6354-00B8-4EA6-BD48-1AE7668EA6D2}"
EndProject
Project("{9A19103F-16F7-4668-BE54-9A1E7A4F7556}") = "BlogManagement.Infrastructure.Configuration", "..\BlogManagement.Infrastructure.Configuration\BlogManagement.Infrastructure.Configuration.csproj", "{CA22C265-20E6-492E-BF56-0F48F8EC741C}"
EndProject
Project("{9A19103F-16F7-4668-BE54-9A1E7A4F7556}") = "BlogManagement.Infrastructure.EFCore", "..\BlogManagement.Infrastructure.EFCore\BlogManagement.Infrastructure.EFCore.csproj", "{AC577E33-6387-4A6D-8B2D-C7CCFC1DDE71}"
EndProject
Project("{9A19103F-16F7-4668-BE54-9A1E7A4F7556}") = "BlogManagement.Application", "..\BlogManagement.Application\BlogManagement.Application.csproj", "{0863D710-43C1-44CC-9943-4F0212281E3E}"
EndProject
Project("{9A19103F-16F7-4668-BE54-9A1E7A4F7556}") = "BlogManagement.Application.Contracts", "..\BlogManagement.Application.Contracts\BlogManagement.Application.Contracts.csproj", "{255C1562-E9D0-4ED7-9A05-66D21D6B97AA}"
EndProject
Project("{9A19103F-16F7-4668-BE54-9A1E7A4F7556}") = "_01_ProjectQuery", "..\_01_ProjectQuery\_01_ProjectQuery.csproj", "{DB0F6F8D-4F41-4FE5-B692-C8E7639B32BD}"
EndProject
Project("{2150E333-8FDC-42A3-9474-1A3956D46DE8}") = "CommentManagement", "CommentManagement", "{D17CFE54-DD4F-4414-BE5F-EBA7BF58A312}"
EndProject
Project("{2150E333-8FDC-42A3-9474-1A3956D46DE8}") = "CM.Application", "CM.Application", "{9D41448E-763E-4D8C-96C3-AC66F47FAFF6}"
EndProject
Project("{9A19103F-16F7-4668-BE54-9A1E7A4F7556}") = "CommentManagement.Application", "..\CommentManagement.Application\CommentManagement.Application.csproj", "{97BE5DEF-98BB-4967-A3F2-4CF02D175DD8}"
EndProject
Project("{9A19103F-16F7-4668-BE54-9A1E7A4F7556}") = "CommentManagement.Application.Contracts", "..\CommentManagement.Application.Contracts\CommentManagement.Application.Contracts.csproj", "{0D5D07F1-2EA3-47FC-8D63-546D7D6774A2}"
EndProject
Project("{2150E333-8FDC-42A3-9474-1A3956D46DE8}") = "CM.Domain", "CM.Domain", "{76954C9E-6C25-4D96-97E9-BA24A8E1627C}"
EndProject
Project("{9A19103F-16F7-4668-BE54-9A1E7A4F7556}") = "CommentManagement.Domain", "..\CommentManagement.Domain\CommentManagement.Domain.csproj", "{B3A9885F-10F9-4695-855B-145815561EC7}"
EndProject
Project("{2150E333-8FDC-42A3-9474-1A3956D46DE8}") = "CM.Infrastructure", "CM.Infrastructure", "{9EA51345-65BD-44E9-A71F-AF101A4EF1F9}"
EndProject
Project("{9A19103F-16F7-4668-BE54-9A1E7A4F7556}") = "CommentManagement.Infrastructure.Configuration", "..\CommentManagement.Infrastructure.Configuration\CommentManagement.Infrastructure.Configuration.csproj", "{BEEC41C5-7718-470D-B632-456867F42286}"
EndProject
Project("{9A19103F-16F7-4668-BE54-9A1E7A4F7556}") = "CommentManagement.Infrastructure.EFCore", "..\CommnetManagement.Infrastructure.EFCore\CommentManagement.Infrastructure.EFCore.csproj", "{7F9FF465-DCC7-44AF-A093-72AAB6A639CB}"
EndProject
Project("{2150E333-8FDC-42A3-9474-1A3956D46DE8}") = "AccountManagement", "AccountManagement", "{4334D261-4CB7-4498-912D-171718628A10}"
EndProject
Project("{2150E333-8FDC-42A3-9474-1A3956D46DE8}") = "AM.Domain", "AM.Domain", "{AAC649AC-C2C6-4C0C-A9D5-92324B16D749}"
EndProject
Project("{2150E333-8FDC-42A3-9474-1A3956D46DE8}") = "AM.Infrastructure", "AM.Infrastructure", "{E4235E81-5159-4C89-98E3-F7B23BCCC536}"
EndProject
Project("{2150E333-8FDC-42A3-9474-1A3956D46DE8}") = "AM.Application", "AM.Application", "{88D41612-A3FE-40D9-BDCE-01AC19E269A0}"
EndProject
Project("{9A19103F-16F7-4668-BE54-9A1E7A4F7556}") = "AccountManagement.Domain", "..\AccountManagement.Domain\AccountManagement.Domain.csproj", "{F54313A2-C26A-4E94-9A69-821B9A379E34}"
EndProject
Project("{9A19103F-16F7-4668-BE54-9A1E7A4F7556}") = "AccountManagement.Application", "..\AccountManagement.Application\AccountManagement.Application.csproj", "{75698EEA-E98D-4417-8ECB-7E02C158B52A}"
EndProject
Project("{9A19103F-16F7-4668-BE54-9A1E7A4F7556}") = "AccountManagement.Application.Contract", "..\AccountManagement.Application.Contract\AccountManagement.Application.Contract.csproj", "{EF28A9D0-C9DA-4005-996B-44C832C191F4}"
EndProject
Project("{9A19103F-16F7-4668-BE54-9A1E7A4F7556}") = "AccountManagement.Configuration", "..\AccountManagement.Configuration\AccountManagement.Configuration.csproj", "{B11ABE6C-628F-44C1-8133-5D5CF00A5ADF}"
EndProject
Project("{9A19103F-16F7-4668-BE54-9A1E7A4F7556}") = "AccountManagement.Infrastructure.EFCore", "..\AccountMangement.Infrastructure.EFCore\AccountManagement.Infrastructure.EFCore.csproj", "{A0F01E39-B307-403E-9827-621005621BD2}"
EndProject
Project("{9A19103F-16F7-4668-BE54-9A1E7A4F7556}") = "ServiceHost", "ServiceHost\ServiceHost.csproj", "{9B9D3A69-993C-404E-BB9C-9BCC1064A7E3}"
EndProject
Project("{2150E333-8FDC-42A3-9474-1A3956D46DE8}") = "PM.Application", "PM.Application", "{334A7DA6-7C05-4DE0-A338-986A3ECD00B0}"
EndProject
Project("{2150E333-8FDC-42A3-9474-1A3956D46DE8}") = "PM.Domain", "PM.Domain", "{8D3E02E4-445D-4A47-BAC8-652D5B8AC0A2}"
EndProject
Project("{2150E333-8FDC-42A3-9474-1A3956D46DE8}") = "PM.Infrastructure", "PM.Infrastructure", "{45BEE736-9713-416D-BD82-5CA1BF450A9B}"
EndProject
Project("{9A19103F-16F7-4668-BE54-9A1E7A4F7556}") = "ProductManagement.Application", "ProductManagement.Application\ProductManagement.Application.csproj", "{93D764BC-FDE8-42EE-A5EE-167901302197}"
EndProject
Project("{9A19103F-16F7-4668-BE54-9A1E7A4F7556}") = "ProductManagement.Application.Contract", "ProductManagement.Application.Contract\ProductManagement.Application.Contract.csproj", "{E1D41C31-2D96-4C4D-B602-CFF0E2FE0074}"
EndProject
Project("{9A19103F-16F7-4668-BE54-9A1E7A4F7556}") = "ProductManagement.Domain", "ProductManagement.Domain\ProductManagement.Domain.csproj", "{93D7647C-E3F7-4178-9E4D-1DA1D7B263E4}"
EndProject
Project("{9A19103F-16F7-4668-BE54-9A1E7A4F7556}") = "ProductManagement.Configuration", "ProductManagement.Configuration\ProductManagement.Configuration.csproj", "{AF785D58-1FC9-42B5-B2F2-C6308DE7A224}"
EndProject
Project("{9A19103F-16F7-4668-BE54-9A1E7A4F7556}") = "ProductManagement.Infrastructure.EfCore", "ProductManagement.Infrastructure.EfCore\ProductManagement.Infrastructure.EfCore.csproj", "{79CE11F2-033A-4606-88CD-E2373C71AA7E}"
EndProject
Global
	GlobalSection(SolutionConfigurationPlatforms) = preSolution
		Debug|Any CPU = Debug|Any CPU
		Release|Any CPU = Release|Any CPU
	EndGlobalSection
	GlobalSection(ProjectConfigurationPlatforms) = postSolution
		{C3F633F8-1DC8-4A69-B054-44458F73ABED}.Debug|Any CPU.ActiveCfg = Debug|Any CPU
		{C3F633F8-1DC8-4A69-B054-44458F73ABED}.Debug|Any CPU.Build.0 = Debug|Any CPU
		{C3F633F8-1DC8-4A69-B054-44458F73ABED}.Release|Any CPU.ActiveCfg = Release|Any CPU
		{C3F633F8-1DC8-4A69-B054-44458F73ABED}.Release|Any CPU.Build.0 = Release|Any CPU
		{6E4A6354-00B8-4EA6-BD48-1AE7668EA6D2}.Debug|Any CPU.ActiveCfg = Debug|Any CPU
		{6E4A6354-00B8-4EA6-BD48-1AE7668EA6D2}.Debug|Any CPU.Build.0 = Debug|Any CPU
		{6E4A6354-00B8-4EA6-BD48-1AE7668EA6D2}.Release|Any CPU.ActiveCfg = Release|Any CPU
		{6E4A6354-00B8-4EA6-BD48-1AE7668EA6D2}.Release|Any CPU.Build.0 = Release|Any CPU
		{CA22C265-20E6-492E-BF56-0F48F8EC741C}.Debug|Any CPU.ActiveCfg = Debug|Any CPU
		{CA22C265-20E6-492E-BF56-0F48F8EC741C}.Debug|Any CPU.Build.0 = Debug|Any CPU
		{CA22C265-20E6-492E-BF56-0F48F8EC741C}.Release|Any CPU.ActiveCfg = Release|Any CPU
		{CA22C265-20E6-492E-BF56-0F48F8EC741C}.Release|Any CPU.Build.0 = Release|Any CPU
		{AC577E33-6387-4A6D-8B2D-C7CCFC1DDE71}.Debug|Any CPU.ActiveCfg = Debug|Any CPU
		{AC577E33-6387-4A6D-8B2D-C7CCFC1DDE71}.Debug|Any CPU.Build.0 = Debug|Any CPU
		{AC577E33-6387-4A6D-8B2D-C7CCFC1DDE71}.Release|Any CPU.ActiveCfg = Release|Any CPU
		{AC577E33-6387-4A6D-8B2D-C7CCFC1DDE71}.Release|Any CPU.Build.0 = Release|Any CPU
		{0863D710-43C1-44CC-9943-4F0212281E3E}.Debug|Any CPU.ActiveCfg = Debug|Any CPU
		{0863D710-43C1-44CC-9943-4F0212281E3E}.Debug|Any CPU.Build.0 = Debug|Any CPU
		{0863D710-43C1-44CC-9943-4F0212281E3E}.Release|Any CPU.ActiveCfg = Release|Any CPU
		{0863D710-43C1-44CC-9943-4F0212281E3E}.Release|Any CPU.Build.0 = Release|Any CPU
		{255C1562-E9D0-4ED7-9A05-66D21D6B97AA}.Debug|Any CPU.ActiveCfg = Debug|Any CPU
		{255C1562-E9D0-4ED7-9A05-66D21D6B97AA}.Debug|Any CPU.Build.0 = Debug|Any CPU
		{255C1562-E9D0-4ED7-9A05-66D21D6B97AA}.Release|Any CPU.ActiveCfg = Release|Any CPU
		{255C1562-E9D0-4ED7-9A05-66D21D6B97AA}.Release|Any CPU.Build.0 = Release|Any CPU
		{DB0F6F8D-4F41-4FE5-B692-C8E7639B32BD}.Debug|Any CPU.ActiveCfg = Debug|Any CPU
		{DB0F6F8D-4F41-4FE5-B692-C8E7639B32BD}.Debug|Any CPU.Build.0 = Debug|Any CPU
		{DB0F6F8D-4F41-4FE5-B692-C8E7639B32BD}.Release|Any CPU.ActiveCfg = Release|Any CPU
		{DB0F6F8D-4F41-4FE5-B692-C8E7639B32BD}.Release|Any CPU.Build.0 = Release|Any CPU
		{97BE5DEF-98BB-4967-A3F2-4CF02D175DD8}.Debug|Any CPU.ActiveCfg = Debug|Any CPU
		{97BE5DEF-98BB-4967-A3F2-4CF02D175DD8}.Debug|Any CPU.Build.0 = Debug|Any CPU
		{97BE5DEF-98BB-4967-A3F2-4CF02D175DD8}.Release|Any CPU.ActiveCfg = Release|Any CPU
		{97BE5DEF-98BB-4967-A3F2-4CF02D175DD8}.Release|Any CPU.Build.0 = Release|Any CPU
		{0D5D07F1-2EA3-47FC-8D63-546D7D6774A2}.Debug|Any CPU.ActiveCfg = Debug|Any CPU
		{0D5D07F1-2EA3-47FC-8D63-546D7D6774A2}.Debug|Any CPU.Build.0 = Debug|Any CPU
		{0D5D07F1-2EA3-47FC-8D63-546D7D6774A2}.Release|Any CPU.ActiveCfg = Release|Any CPU
		{0D5D07F1-2EA3-47FC-8D63-546D7D6774A2}.Release|Any CPU.Build.0 = Release|Any CPU
		{B3A9885F-10F9-4695-855B-145815561EC7}.Debug|Any CPU.ActiveCfg = Debug|Any CPU
		{B3A9885F-10F9-4695-855B-145815561EC7}.Debug|Any CPU.Build.0 = Debug|Any CPU
		{B3A9885F-10F9-4695-855B-145815561EC7}.Release|Any CPU.ActiveCfg = Release|Any CPU
		{B3A9885F-10F9-4695-855B-145815561EC7}.Release|Any CPU.Build.0 = Release|Any CPU
		{BEEC41C5-7718-470D-B632-456867F42286}.Debug|Any CPU.ActiveCfg = Debug|Any CPU
		{BEEC41C5-7718-470D-B632-456867F42286}.Debug|Any CPU.Build.0 = Debug|Any CPU
		{BEEC41C5-7718-470D-B632-456867F42286}.Release|Any CPU.ActiveCfg = Release|Any CPU
		{BEEC41C5-7718-470D-B632-456867F42286}.Release|Any CPU.Build.0 = Release|Any CPU
		{7F9FF465-DCC7-44AF-A093-72AAB6A639CB}.Debug|Any CPU.ActiveCfg = Debug|Any CPU
		{7F9FF465-DCC7-44AF-A093-72AAB6A639CB}.Debug|Any CPU.Build.0 = Debug|Any CPU
		{7F9FF465-DCC7-44AF-A093-72AAB6A639CB}.Release|Any CPU.ActiveCfg = Release|Any CPU
		{7F9FF465-DCC7-44AF-A093-72AAB6A639CB}.Release|Any CPU.Build.0 = Release|Any CPU
		{F54313A2-C26A-4E94-9A69-821B9A379E34}.Debug|Any CPU.ActiveCfg = Debug|Any CPU
		{F54313A2-C26A-4E94-9A69-821B9A379E34}.Debug|Any CPU.Build.0 = Debug|Any CPU
		{F54313A2-C26A-4E94-9A69-821B9A379E34}.Release|Any CPU.ActiveCfg = Release|Any CPU
		{F54313A2-C26A-4E94-9A69-821B9A379E34}.Release|Any CPU.Build.0 = Release|Any CPU
		{75698EEA-E98D-4417-8ECB-7E02C158B52A}.Debug|Any CPU.ActiveCfg = Debug|Any CPU
		{75698EEA-E98D-4417-8ECB-7E02C158B52A}.Debug|Any CPU.Build.0 = Debug|Any CPU
		{75698EEA-E98D-4417-8ECB-7E02C158B52A}.Release|Any CPU.ActiveCfg = Release|Any CPU
		{75698EEA-E98D-4417-8ECB-7E02C158B52A}.Release|Any CPU.Build.0 = Release|Any CPU
		{EF28A9D0-C9DA-4005-996B-44C832C191F4}.Debug|Any CPU.ActiveCfg = Debug|Any CPU
		{EF28A9D0-C9DA-4005-996B-44C832C191F4}.Debug|Any CPU.Build.0 = Debug|Any CPU
		{EF28A9D0-C9DA-4005-996B-44C832C191F4}.Release|Any CPU.ActiveCfg = Release|Any CPU
		{EF28A9D0-C9DA-4005-996B-44C832C191F4}.Release|Any CPU.Build.0 = Release|Any CPU
		{B11ABE6C-628F-44C1-8133-5D5CF00A5ADF}.Debug|Any CPU.ActiveCfg = Debug|Any CPU
		{B11ABE6C-628F-44C1-8133-5D5CF00A5ADF}.Debug|Any CPU.Build.0 = Debug|Any CPU
		{B11ABE6C-628F-44C1-8133-5D5CF00A5ADF}.Release|Any CPU.ActiveCfg = Release|Any CPU
		{B11ABE6C-628F-44C1-8133-5D5CF00A5ADF}.Release|Any CPU.Build.0 = Release|Any CPU
		{A0F01E39-B307-403E-9827-621005621BD2}.Debug|Any CPU.ActiveCfg = Debug|Any CPU
		{A0F01E39-B307-403E-9827-621005621BD2}.Debug|Any CPU.Build.0 = Debug|Any CPU
		{A0F01E39-B307-403E-9827-621005621BD2}.Release|Any CPU.ActiveCfg = Release|Any CPU
		{A0F01E39-B307-403E-9827-621005621BD2}.Release|Any CPU.Build.0 = Release|Any CPU
		{9B9D3A69-993C-404E-BB9C-9BCC1064A7E3}.Debug|Any CPU.ActiveCfg = Debug|Any CPU
		{9B9D3A69-993C-404E-BB9C-9BCC1064A7E3}.Debug|Any CPU.Build.0 = Debug|Any CPU
		{9B9D3A69-993C-404E-BB9C-9BCC1064A7E3}.Release|Any CPU.ActiveCfg = Release|Any CPU
		{9B9D3A69-993C-404E-BB9C-9BCC1064A7E3}.Release|Any CPU.Build.0 = Release|Any CPU
		{93D764BC-FDE8-42EE-A5EE-167901302197}.Debug|Any CPU.ActiveCfg = Debug|Any CPU
		{93D764BC-FDE8-42EE-A5EE-167901302197}.Debug|Any CPU.Build.0 = Debug|Any CPU
		{93D764BC-FDE8-42EE-A5EE-167901302197}.Release|Any CPU.ActiveCfg = Release|Any CPU
		{93D764BC-FDE8-42EE-A5EE-167901302197}.Release|Any CPU.Build.0 = Release|Any CPU
		{E1D41C31-2D96-4C4D-B602-CFF0E2FE0074}.Debug|Any CPU.ActiveCfg = Debug|Any CPU
		{E1D41C31-2D96-4C4D-B602-CFF0E2FE0074}.Debug|Any CPU.Build.0 = Debug|Any CPU
		{E1D41C31-2D96-4C4D-B602-CFF0E2FE0074}.Release|Any CPU.ActiveCfg = Release|Any CPU
		{E1D41C31-2D96-4C4D-B602-CFF0E2FE0074}.Release|Any CPU.Build.0 = Release|Any CPU
		{93D7647C-E3F7-4178-9E4D-1DA1D7B263E4}.Debug|Any CPU.ActiveCfg = Debug|Any CPU
		{93D7647C-E3F7-4178-9E4D-1DA1D7B263E4}.Debug|Any CPU.Build.0 = Debug|Any CPU
		{93D7647C-E3F7-4178-9E4D-1DA1D7B263E4}.Release|Any CPU.ActiveCfg = Release|Any CPU
		{93D7647C-E3F7-4178-9E4D-1DA1D7B263E4}.Release|Any CPU.Build.0 = Release|Any CPU
		{AF785D58-1FC9-42B5-B2F2-C6308DE7A224}.Debug|Any CPU.ActiveCfg = Debug|Any CPU
		{AF785D58-1FC9-42B5-B2F2-C6308DE7A224}.Debug|Any CPU.Build.0 = Debug|Any CPU
		{AF785D58-1FC9-42B5-B2F2-C6308DE7A224}.Release|Any CPU.ActiveCfg = Release|Any CPU
		{AF785D58-1FC9-42B5-B2F2-C6308DE7A224}.Release|Any CPU.Build.0 = Release|Any CPU
		{79CE11F2-033A-4606-88CD-E2373C71AA7E}.Debug|Any CPU.ActiveCfg = Debug|Any CPU
		{79CE11F2-033A-4606-88CD-E2373C71AA7E}.Debug|Any CPU.Build.0 = Debug|Any CPU
		{79CE11F2-033A-4606-88CD-E2373C71AA7E}.Release|Any CPU.ActiveCfg = Release|Any CPU
		{79CE11F2-033A-4606-88CD-E2373C71AA7E}.Release|Any CPU.Build.0 = Release|Any CPU
	EndGlobalSection
	GlobalSection(SolutionProperties) = preSolution
		HideSolutionNode = FALSE
	EndGlobalSection
	GlobalSection(NestedProjects) = preSolution
		{45DA89B8-C899-46E6-8937-8B9C18766142} = {C8ACA3BD-4ACF-4E04-9C22-F1F16A9395B4}
		{87D33F52-1EC9-4A31-903F-D3D740A9A9F3} = {C8ACA3BD-4ACF-4E04-9C22-F1F16A9395B4}
		{2B753433-1451-4FE9-973A-FAAFB6B5D4DB} = {C8ACA3BD-4ACF-4E04-9C22-F1F16A9395B4}
		{9ED16A78-AF12-4300-BC0D-1E733C1D753A} = {C8ACA3BD-4ACF-4E04-9C22-F1F16A9395B4}
		{C3F633F8-1DC8-4A69-B054-44458F73ABED} = {2B753433-1451-4FE9-973A-FAAFB6B5D4DB}
		{CA22C265-20E6-492E-BF56-0F48F8EC741C} = {87D33F52-1EC9-4A31-903F-D3D740A9A9F3}
		{AC577E33-6387-4A6D-8B2D-C7CCFC1DDE71} = {87D33F52-1EC9-4A31-903F-D3D740A9A9F3}
		{0863D710-43C1-44CC-9943-4F0212281E3E} = {45DA89B8-C899-46E6-8937-8B9C18766142}
		{255C1562-E9D0-4ED7-9A05-66D21D6B97AA} = {45DA89B8-C899-46E6-8937-8B9C18766142}
		{9D41448E-763E-4D8C-96C3-AC66F47FAFF6} = {D17CFE54-DD4F-4414-BE5F-EBA7BF58A312}
		{97BE5DEF-98BB-4967-A3F2-4CF02D175DD8} = {9D41448E-763E-4D8C-96C3-AC66F47FAFF6}
		{0D5D07F1-2EA3-47FC-8D63-546D7D6774A2} = {9D41448E-763E-4D8C-96C3-AC66F47FAFF6}
		{76954C9E-6C25-4D96-97E9-BA24A8E1627C} = {D17CFE54-DD4F-4414-BE5F-EBA7BF58A312}
		{B3A9885F-10F9-4695-855B-145815561EC7} = {76954C9E-6C25-4D96-97E9-BA24A8E1627C}
		{9EA51345-65BD-44E9-A71F-AF101A4EF1F9} = {D17CFE54-DD4F-4414-BE5F-EBA7BF58A312}
		{BEEC41C5-7718-470D-B632-456867F42286} = {9EA51345-65BD-44E9-A71F-AF101A4EF1F9}
		{7F9FF465-DCC7-44AF-A093-72AAB6A639CB} = {9EA51345-65BD-44E9-A71F-AF101A4EF1F9}
		{AAC649AC-C2C6-4C0C-A9D5-92324B16D749} = {4334D261-4CB7-4498-912D-171718628A10}
		{E4235E81-5159-4C89-98E3-F7B23BCCC536} = {4334D261-4CB7-4498-912D-171718628A10}
		{88D41612-A3FE-40D9-BDCE-01AC19E269A0} = {4334D261-4CB7-4498-912D-171718628A10}
		{F54313A2-C26A-4E94-9A69-821B9A379E34} = {AAC649AC-C2C6-4C0C-A9D5-92324B16D749}
		{75698EEA-E98D-4417-8ECB-7E02C158B52A} = {88D41612-A3FE-40D9-BDCE-01AC19E269A0}
		{EF28A9D0-C9DA-4005-996B-44C832C191F4} = {88D41612-A3FE-40D9-BDCE-01AC19E269A0}
		{B11ABE6C-628F-44C1-8133-5D5CF00A5ADF} = {E4235E81-5159-4C89-98E3-F7B23BCCC536}
		{A0F01E39-B307-403E-9827-621005621BD2} = {E4235E81-5159-4C89-98E3-F7B23BCCC536}
		{334A7DA6-7C05-4DE0-A338-986A3ECD00B0} = {5D5A9823-80B5-48E8-975A-70D4FF40C211}
		{8D3E02E4-445D-4A47-BAC8-652D5B8AC0A2} = {5D5A9823-80B5-48E8-975A-70D4FF40C211}
		{45BEE736-9713-416D-BD82-5CA1BF450A9B} = {5D5A9823-80B5-48E8-975A-70D4FF40C211}
		{93D764BC-FDE8-42EE-A5EE-167901302197} = {334A7DA6-7C05-4DE0-A338-986A3ECD00B0}
		{E1D41C31-2D96-4C4D-B602-CFF0E2FE0074} = {334A7DA6-7C05-4DE0-A338-986A3ECD00B0}
		{93D7647C-E3F7-4178-9E4D-1DA1D7B263E4} = {8D3E02E4-445D-4A47-BAC8-652D5B8AC0A2}
		{AF785D58-1FC9-42B5-B2F2-C6308DE7A224} = {45BEE736-9713-416D-BD82-5CA1BF450A9B}
		{79CE11F2-033A-4606-88CD-E2373C71AA7E} = {45BEE736-9713-416D-BD82-5CA1BF450A9B}
	EndGlobalSection
	GlobalSection(ExtensibilityGlobals) = postSolution
		SolutionGuid = {AB76100B-00B2-4E29-A119-F97469116F27}
	EndGlobalSection
EndGlobal
